{
  "name": "tests",
  "version": "0.0.1",
  "lockfileVersion": 3,
  "requires": true,
  "packages": {
    "": {
      "name": "tests",
      "version": "0.0.1",
      "license": "MIT",
      "dependencies": {
        "unity-n-systems": "file:../unity-n-systems-1.3.0.tgz",
        "unity-n-tests": "github:shadowmint/unity-n-tests#1.1.2"
      }
    },
    "node_modules/unity-n-bind": {
      "version": "1.2.0",
      "resolved": "git+ssh://git@github.com/shadowmint/unity-n-bind.git#dece605fe25d459de683312edb64eace8a086e72",
      "hasInstallScript": true,
      "license": "MIT"
    },
    "node_modules/unity-n-optional": {
      "version": "2.0.0",
      "resolved": "git+ssh://git@github.com/shadowmint/unity-n-optional.git#e8fb6e99a4574763216c1690fb774436b31dc136",
      "hasInstallScript": true,
      "license": "MIT"
    },
    "node_modules/unity-n-systems": {
      "version": "1.3.0",
      "resolved": "file:../unity-n-systems-1.3.0.tgz",
      "integrity": "sha512-U832nX7EWXqpldh5TLBvpdwbfSA/lXJPWsXdjJKhCVzODVpk7IIfGzPKTQ8/Am0qGbBzMFMbXKdWkXy50+Cf2w==",
      "hasInstallScript": true,
      "license": "MIT",
      "dependencies": {
        "unity-n-bind": "github:shadowmint/unity-n-bind#1.2.0",
        "unity-n-optional": "github:shadowmint/unity-n-optional#2.0.0"
      }
    },
    "node_modules/unity-n-tests": {
      "version": "1.1.2",
      "resolved": "git+ssh://git@github.com/shadowmint/unity-n-tests.git#09fd9a096fd1c87337e2e26aa85801e053472c97",
      "integrity": "sha512-FprQp9ldwu6tJmfKGRW90zr31vkJCdoYClHaqBJZiPdGbiyboeIiMKzGWDaTp7pYoeW4vN3U1ys3aFpjaKO6CA==",
      "hasInstallScript": true,
      "license": "MIT"
    }
  }
}
