{
  "name": "tests",
  "version": "0.0.1",
  "lockfileVersion": 1,
  "requires": true,
  "dependencies": {
    "unity-n-bind": {
      "version": "github:shadowmint/unity-n-bind#f05a24f26d23bb79f1584e32f11622599c560607",
      "from": "github:shadowmint/unity-n-bind#1.1.2"
    },
    "unity-n-systems": {
      "version": "file:..",
      "requires": {
        "unity-n-bind": "github:shadowmint/unity-n-bind#f05a24f26d23bb79f1584e32f11622599c560607",
        "unity-n-optional": "github:shadowmint/unity-n-optional#e4e6f842ff06650fc4c062c6ee1dea53af7b57b0"
      },
      "dependencies": {
        "unity-n-optional": {
          "version": "github:shadowmint/unity-n-optional#e4e6f842ff06650fc4c062c6ee1dea53af7b57b0",
          "from": "github:shadowmint/unity-n-optional#1.0.0",
          "bundled": true
        }
      }
    },
    "unity-n-tests": {
      "version": "github:shadowmint/unity-n-tests#09fd9a096fd1c87337e2e26aa85801e053472c97",
      "from": "github:shadowmint/unity-n-tests#1.1.2"
    }
  }
}
